PODS:
  - AWSCore (2.9.1)
  - AWSS3 (2.9.1):
    - AWSCore (= 2.9.1)

DEPENDENCIES:
  - AWSS3

SPEC REPOS:
  https://github.com/cocoapods/specs.git:
    - AWSCore
    - AWSS3

SPEC CHECKSUMS:
  AWSCore: de39c337b7cb32c7a2c6402f45ecf4e50498000e
  AWSS3: 1feca899851eb4d45ca16860e441da658e1b852d

PODFILE CHECKSUM: fe2817222c6008d0c19d228d1a11a5a9a0f1d64c

COCOAPODS: 1.7.0
